// !$*UTF8*$!
{
	archiveVersion = 1;
	classes = {
	};
	objectVersion = 46;
	objects = {

/* Begin PBXBuildFile section */
		35C25F05197A184500F4EE93 /* Foundation.framework in Frameworks */ = {isa = PBXBuildFile; fileRef = 35C25F04197A184500F4EE93 /* Foundation.framework */; };
		35C25F07197A184500F4EE93 /* CoreGraphics.framework in Frameworks */ = {isa = PBXBuildFile; fileRef = 35C25F06197A184500F4EE93 /* CoreGraphics.framework */; };
		35C25F09197A184500F4EE93 /* UIKit.framework in Frameworks */ = {isa = PBXBuildFile; fileRef = 35C25F08197A184500F4EE93 /* UIKit.framework */; };
		35C25F0F197A184500F4EE93 /* InfoPlist.strings in Resources */ = {isa = PBXBuildFile; fileRef = 35C25F0D197A184500F4EE93 /* InfoPlist.strings */; };
		35C25F11197A184500F4EE93 /* main.m in Sources */ = {isa = PBXBuildFile; fileRef = 35C25F10197A184500F4EE93 /* main.m */; };
		35C25F15197A184500F4EE93 /* CardGameAppDelegate.m in Sources */ = {isa = PBXBuildFile; fileRef = 35C25F14197A184500F4EE93 /* CardGameAppDelegate.m */; };
		35C25F18197A184500F4EE93 /* Main.storyboard in Resources */ = {isa = PBXBuildFile; fileRef = 35C25F16197A184500F4EE93 /* Main.storyboard */; };
		35C25F1B197A184500F4EE93 /* CardGameViewController.m in Sources */ = {isa = PBXBuildFile; fileRef = 35C25F1A197A184500F4EE93 /* CardGameViewController.m */; };
		35C25F1D197A184500F4EE93 /* Images.xcassets in Resources */ = {isa = PBXBuildFile; fileRef = 35C25F1C197A184500F4EE93 /* Images.xcassets */; };
		35C25F24197A184500F4EE93 /* XCTest.framework in Frameworks */ = {isa = PBXBuildFile; fileRef = 35C25F23197A184500F4EE93 /* XCTest.framework */; };
		35C25F25197A184500F4EE93 /* Foundation.framework in Frameworks */ = {isa = PBXBuildFile; fileRef = 35C25F04197A184500F4EE93 /* Foundation.framework */; };
		35C25F26197A184500F4EE93 /* UIKit.framework in Frameworks */ = {isa = PBXBuildFile; fileRef = 35C25F08197A184500F4EE93 /* UIKit.framework */; };
		35C25F2E197A184500F4EE93 /* InfoPlist.strings in Resources */ = {isa = PBXBuildFile; fileRef = 35C25F2C197A184500F4EE93 /* InfoPlist.strings */; };
		35C25F30197A184500F4EE93 /* CardGameAppTests.m in Sources */ = {isa = PBXBuildFile; fileRef = 35C25F2F197A184500F4EE93 /* CardGameAppTests.m */; };
/* End PBXBuildFile section */

/* Begin PBXContainerItemProxy section */
		35C25F27197A184500F4EE93 /* PBXContainerItemProxy */ = {
			isa = PBXContainerItemProxy;
			containerPortal = 35C25EF9197A184500F4EE93 /* Project object */;
			proxyType = 1;
			remoteGlobalIDString = 35C25F00197A184500F4EE93;
			remoteInfo = CardGameApp;
		};
/* End PBXContainerItemProxy section */

/* Begin PBXFileReference section */
		35C25F01197A184500F4EE93 /* CardGameApp.app */ = {isa = PBXFileReference; explicitFileType = wrapper.application; includeInIndex = 0; path = CardGameApp.app; sourceTree = BUILT_PRODUCTS_DIR; };
		35C25F04197A184500F4EE93 /* Foundation.framework */ = {isa = PBXFileReference; lastKnownFileType = wrapper.framework; name = Foundation.framework; path = System/Library/Frameworks/Foundation.framework; sourceTree = SDKROOT; };
		35C25F06197A184500F4EE93 /* CoreGraphics.framework */ = {isa = PBXFileReference; lastKnownFileType = wrapper.framework; name = CoreGraphics.framework; path = System/Library/Frameworks/CoreGraphics.framework; sourceTree = SDKROOT; };
		35C25F08197A184500F4EE93 /* UIKit.framework */ = {isa = PBXFileReference; lastKnownFileType = wrapper.framework; name = UIKit.framework; path = System/Library/Frameworks/UIKit.framework; sourceTree = SDKROOT; };
		35C25F0C197A184500F4EE93 /* CardGameApp-Info.plist */ = {isa = PBXFileReference; lastKnownFileType = text.plist.xml; path = "CardGameApp-Info.plist"; sourceTree = "<group>"; };
		35C25F0E197A184500F4EE93 /* en */ = {isa = PBXFileReference; lastKnownFileType = text.plist.strings; name = en; path = en.lproj/InfoPlist.strings; sourceTree = "<group>"; };
		35C25F10197A184500F4EE93 /* main.m */ = {isa = PBXFileReference; lastKnownFileType = sourcecode.c.objc; path = main.m; sourceTree = "<group>"; };
		35C25F12197A184500F4EE93 /* CardGameApp-Prefix.pch */ = {isa = PBXFileReference; lastKnownFileType = sourcecode.c.h; path = "CardGameApp-Prefix.pch"; sourceTree = "<group>"; };
		35C25F13197A184500F4EE93 /* CardGameAppDelegate.h */ = {isa = PBXFileReference; lastKnownFileType = sourcecode.c.h; path = CardGameAppDelegate.h; sourceTree = "<group>"; };
		35C25F14197A184500F4EE93 /* CardGameAppDelegate.m */ = {isa = PBXFileReference; lastKnownFileType = sourcecode.c.objc; path = CardGameAppDelegate.m; sourceTree = "<group>"; };
		35C25F17197A184500F4EE93 /* Base */ = {isa = PBXFileReference; lastKnownFileType = file.storyboard; name = Base; path = Base.lproj/Main.storyboard; sourceTree = "<group>"; };
		35C25F19197A184500F4EE93 /* CardGameViewController.h */ = {isa = PBXFileReference; lastKnownFileType = sourcecode.c.h; path = CardGameViewController.h; sourceTree = "<group>"; };
		35C25F1A197A184500F4EE93 /* CardGameViewController.m */ = {isa = PBXFileReference; lastKnownFileType = sourcecode.c.objc; path = CardGameViewController.m; sourceTree = "<group>"; };
		35C25F1C197A184500F4EE93 /* Images.xcassets */ = {isa = PBXFileReference; lastKnownFileType = folder.assetcatalog; path = Images.xcassets; sourceTree = "<group>"; };
		35C25F22197A184500F4EE93 /* CardGameAppTests.xctest */ = {isa = PBXFileReference; explicitFileType = wrapper.cfbundle; includeInIndex = 0; path = CardGameAppTests.xctest; sourceTree = BUILT_PRODUCTS_DIR; };
		35C25F23197A184500F4EE93 /* XCTest.framework */ = {isa = PBXFileReference; lastKnownFileType = wrapper.framework; name = XCTest.framework; path = Library/Frameworks/XCTest.framework; sourceTree = DEVELOPER_DIR; };
		35C25F2B197A184500F4EE93 /* CardGameAppTests-Info.plist */ = {isa = PBXFileReference; lastKnownFileType = text.plist.xml; path = "CardGameAppTests-Info.plist"; sourceTree = "<group>"; };
		35C25F2D197A184500F4EE93 /* en */ = {isa = PBXFileReference; lastKnownFileType = text.plist.strings; name = en; path = en.lproj/InfoPlist.strings; sourceTree = "<group>"; };
		35C25F2F197A184500F4EE93 /* CardGameAppTests.m */ = {isa = PBXFileReference; lastKnownFileType = sourcecode.c.objc; path = CardGameAppTests.m; sourceTree = "<group>"; };
/* End PBXFileReference section */

/* Begin PBXFrameworksBuildPhase section */
		35C25EFE197A184500F4EE93 /* Frameworks */ = {
			isa = PBXFrameworksBuildPhase;
			buildActionMask = 2147483647;
			files = (
				35C25F07197A184500F4EE93 /* CoreGraphics.framework in Frameworks */,
				35C25F09197A184500F4EE93 /* UIKit.framework in Frameworks */,
				35C25F05197A184500F4EE93 /* Foundation.framework in Frameworks */,
			);
			runOnlyForDeploymentPostprocessing = 0;
		};
		35C25F1F197A184500F4EE93 /* Frameworks */ = {
			isa = PBXFrameworksBuildPhase;
			buildActionMask = 2147483647;
			files = (
				35C25F24197A184500F4EE93 /* XCTest.framework in Frameworks */,
				35C25F26197A184500F4EE93 /* UIKit.framework in Frameworks */,
				35C25F25197A184500F4EE93 /* Foundation.framework in Frameworks */,
			);
			runOnlyForDeploymentPostprocessing = 0;
		};
/* End PBXFrameworksBuildPhase section */

/* Begin PBXGroup section */
		35C25EF8197A184500F4EE93 = {
			isa = PBXGroup;
			children = (
				35C25F0A197A184500F4EE93 /* CardGameApp */,
				35C25F29197A184500F4EE93 /* CardGameAppTests */,
				35C25F03197A184500F4EE93 /* Frameworks */,
				35C25F02197A184500F4EE93 /* Products */,
			);
			sourceTree = "<group>";
		};
		35C25F02197A184500F4EE93 /* Products */ = {
			isa = PBXGroup;
			children = (
				35C25F01197A184500F4EE93 /* CardGameApp.app */,
				35C25F22197A184500F4EE93 /* CardGameAppTests.xctest */,
			);
			name = Products;
			sourceTree = "<group>";
		};
		35C25F03197A184500F4EE93 /* Frameworks */ = {
			isa = PBXGroup;
			children = (
				35C25F04197A184500F4EE93 /* Foundation.framework */,
				35C25F06197A184500F4EE93 /* CoreGraphics.framework */,
				35C25F08197A184500F4EE93 /* UIKit.framework */,
				35C25F23197A184500F4EE93 /* XCTest.framework */,
			);
			name = Frameworks;
			sourceTree = "<group>";
		};
		35C25F0A197A184500F4EE93 /* CardGameApp */ = {
			isa = PBXGroup;
			children = (
				35C25F13197A184500F4EE93 /* CardGameAppDelegate.h */,
				35C25F14197A184500F4EE93 /* CardGameAppDelegate.m */,
				35C25F16197A184500F4EE93 /* Main.storyboard */,
				35C25F19197A184500F4EE93 /* CardGameViewController.h */,
				35C25F1A197A184500F4EE93 /* CardGameViewController.m */,
				35C25F1C197A184500F4EE93 /* Images.xcassets */,
				35C25F0B197A184500F4EE93 /* Supporting Files */,
			);
			path = CardGameApp;
			sourceTree = "<group>";
		};
		35C25F0B197A184500F4EE93 /* Supporting Files */ = {
			isa = PBXGroup;
			children = (
				35C25F0C197A184500F4EE93 /* CardGameApp-Info.plist */,
				35C25F0D197A184500F4EE93 /* InfoPlist.strings */,
				35C25F10197A184500F4EE93 /* main.m */,
				35C25F12197A184500F4EE93 /* CardGameApp-Prefix.pch */,
			);
			name = "Supporting Files";
			sourceTree = "<group>";
		};
		35C25F29197A184500F4EE93 /* CardGameAppTests */ = {
			isa = PBXGroup;
			children = (
				35C25F2F197A184500F4EE93 /* CardGameAppTests.m */,
				35C25F2A197A184500F4EE93 /* Supporting Files */,
			);
			path = CardGameAppTests;
			sourceTree = "<group>";
		};
		35C25F2A197A184500F4EE93 /* Supporting Files */ = {
			isa = PBXGroup;
			children = (
				35C25F2B197A184500F4EE93 /* CardGameAppTests-Info.plist */,
				35C25F2C197A184500F4EE93 /* InfoPlist.strings */,
			);
			name = "Supporting Files";
			sourceTree = "<group>";
		};
/* End PBXGroup section */

/* Begin PBXNativeTarget section */
		35C25F00197A184500F4EE93 /* CardGameApp */ = {
			isa = PBXNativeTarget;
			buildConfigurationList = 35C25F33197A184500F4EE93 /* Build configuration list for PBXNativeTarget "CardGameApp" */;
			buildPhases = (
				35C25EFD197A184500F4EE93 /* Sources */,
				35C25EFE197A184500F4EE93 /* Frameworks */,
				35C25EFF197A184500F4EE93 /* Resources */,
			);
			buildRules = (
			);
			dependencies = (
			);
			name = CardGameApp;
			productName = CardGameApp;
			productReference = 35C25F01197A184500F4EE93 /* CardGameApp.app */;
			productType = "com.apple.product-type.application";
		};
		35C25F21197A184500F4EE93 /* CardGameAppTests */ = {
			isa = PBXNativeTarget;
			buildConfigurationList = 35C25F36197A184500F4EE93 /* Build configuration list for PBXNativeTarget "CardGameAppTests" */;
			buildPhases = (
				35C25F1E197A184500F4EE93 /* Sources */,
				35C25F1F197A184500F4EE93 /* Frameworks */,
				35C25F20197A184500F4EE93 /* Resources */,
			);
			buildRules = (
			);
			dependencies = (
				35C25F28197A184500F4EE93 /* PBXTargetDependency */,
			);
			name = CardGameAppTests;
			productName = CardGameAppTests;
			productReference = 35C25F22197A184500F4EE93 /* CardGameAppTests.xctest */;
			productType = "com.apple.product-type.bundle.unit-test";
		};
/* End PBXNativeTarget section */

/* Begin PBXProject section */
		35C25EF9197A184500F4EE93 /* Project object */ = {
			isa = PBXProject;
			attributes = {
				CLASSPREFIX = CardGame;
				LastUpgradeCheck = 0510;
				ORGANIZATIONNAME = NickySetia;
				TargetAttributes = {
					35C25F21197A184500F4EE93 = {
						TestTargetID = 35C25F00197A184500F4EE93;
					};
				};
			};
			buildConfigurationList = 35C25EFC197A184500F4EE93 /* Build configuration list for PBXProject "CardGameApp" */;
			compatibilityVersion = "Xcode 3.2";
			developmentRegion = English;
			hasScannedForEncodings = 0;
			knownRegions = (
				en,
				Base,
			);
			mainGroup = 35C25EF8197A184500F4EE93;
			productRefGroup = 35C25F02197A184500F4EE93 /* Products */;
			projectDirPath = "";
			projectRoot = "";
			targets = (
				35C25F00197A184500F4EE93 /* CardGameApp */,
				35C25F21197A184500F4EE93 /* CardGameAppTests */,
			);
		};
/* End PBXProject section */

/* Begin PBXResourcesBuildPhase section */
		35C25EFF197A184500F4EE93 /* Resources */ = {
			isa = PBXResourcesBuildPhase;
			buildActionMask = 2147483647;
			files = (
				35C25F1D197A184500F4EE93 /* Images.xcassets in Resources */,
				35C25F0F197A184500F4EE93 /* InfoPlist.strings in Resources */,
				35C25F18197A184500F4EE93 /* Main.storyboard in Resources */,
			);
			runOnlyForDeploymentPostprocessing = 0;
		};
		35C25F20197A184500F4EE93 /* Resources */ = {
			isa = PBXResourcesBuildPhase;
			buildActionMask = 2147483647;
			files = (
				35C25F2E197A184500F4EE93 /* InfoPlist.strings in Resources */,
			);
			runOnlyForDeploymentPostprocessing = 0;
		};
/* End PBXResourcesBuildPhase section */

/* Begin PBXSourcesBuildPhase section */
		35C25EFD197A184500F4EE93 /* Sources */ = {
			isa = PBXSourcesBuildPhase;
			buildActionMask = 2147483647;
			files = (
				35C25F15197A184500F4EE93 /* CardGameAppDelegate.m in Sources */,
				35C25F1B197A184500F4EE93 /* CardGameViewController.m in Sources */,
				35C25F11197A184500F4EE93 /* main.m in Sources */,
			);
			runOnlyForDeploymentPostprocessing = 0;
		};
		35C25F1E197A184500F4EE93 /* Sources */ = {
			isa = PBXSourcesBuildPhase;
			buildActionMask = 2147483647;
			files = (
				35C25F30197A184500F4EE93 /* CardGameAppTests.m in Sources */,
			);
			runOnlyForDeploymentPostprocessing = 0;
		};
/* End PBXSourcesBuildPhase section */

/* Begin PBXTargetDependency section */
		35C25F28197A184500F4EE93 /* PBXTargetDependency */ = {
			isa = PBXTargetDependency;
			target = 35C25F00197A184500F4EE93 /* CardGameApp */;
			targetProxy = 35C25F27197A184500F4EE93 /* PBXContainerItemProxy */;
		};
/* End PBXTargetDependency section */

/* Begin PBXVariantGroup section */
		35C25F0D197A184500F4EE93 /* InfoPlist.strings */ = {
			isa = PBXVariantGroup;
			children = (
				35C25F0E197A184500F4EE93 /* en */,
			);
			name = InfoPlist.strings;
			sourceTree = "<group>";
		};
		35C25F16197A184500F4EE93 /* Main.storyboard */ = {
			isa = PBXVariantGroup;
			children = (
				35C25F17197A184500F4EE93 /* Base */,
			);
			name = Main.storyboard;
			sourceTree = "<group>";
		};
		35C25F2C197A184500F4EE93 /* InfoPlist.strings */ = {
			isa = PBXVariantGroup;
			children = (
				35C25F2D197A184500F4EE93 /* en */,
			);
			name = InfoPlist.strings;
			sourceTree = "<group>";
		};
/* End PBXVariantGroup section */

/* Begin XCBuildConfiguration section */
		35C25F31197A184500F4EE93 /* Debug */ = {
			isa = XCBuildConfiguration;
			buildSettings = {
				ALWAYS_SEARCH_USER_PATHS = NO;
				CLANG_CXX_LANGUAGE_STANDARD = "gnu++0x";
				CLANG_CXX_LIBRARY = "libc++";
				CLANG_ENABLE_MODULES = YES;
				CLANG_ENABLE_OBJC_ARC = YES;
				CLANG_WARN_BOOL_CONVERSION = YES;
				CLANG_WARN_CONSTANT_CONVERSION = YES;
				CLANG_WARN_DIRECT_OBJC_ISA_USAGE = YES_ERROR;
				CLANG_WARN_EMPTY_BODY = YES;
				CLANG_WARN_ENUM_CONVERSION = YES;
				CLANG_WARN_INT_CONVERSION = YES;
				CLANG_WARN_OBJC_ROOT_CLASS = YES_ERROR;
				CLANG_WARN__DUPLICATE_METHOD_MATCH = YES;
				"CODE_SIGN_IDENTITY[sdk=iphoneos*]" = "iPhone Developer";
				COPY_PHASE_STRIP = NO;
				GCC_C_LANGUAGE_STANDARD = gnu99;
				GCC_DYNAMIC_NO_PIC = NO;
				GCC_OPTIMIZATION_LEVEL = 0;
				GCC_PREPROCESSOR_DEFINITIONS = (
					"DEBUG=1",
					"$(inherited)",
				);
				GCC_SYMBOLS_PRIVATE_EXTERN = NO;
				GCC_WARN_64_TO_32_BIT_CONVERSION = YES;
				GCC_WARN_ABOUT_RETURN_TYPE = YES_ERROR;
				GCC_WARN_UNDECLARED_SELECTOR = YES;
				GCC_WARN_UNINITIALIZED_AUTOS = YES_AGGRESSIVE;
				GCC_WARN_UNUSED_FUNCTION = YES;
				GCC_WARN_UNUSED_VARIABLE = YES;
				IPHONEOS_DEPLOYMENT_TARGET = 7.1;
				ONLY_ACTIVE_ARCH = YES;
				SDKROOT = iphoneos;
			};
			name = Debug;
		};
		35C25F32197A184500F4EE93 /* Release */ = {
			isa = XCBuildConfiguration;
			buildSettings = {
				ALWAYS_SEARCH_USER_PATHS = NO;
				CLANG_CXX_LANGUAGE_STANDARD = "gnu++0x";
				CLANG_CXX_LIBRARY = "libc++";
				CLANG_ENABLE_MODULES = YES;
				CLANG_ENABLE_OBJC_ARC = YES;
				CLANG_WARN_BOOL_CONVERSION = YES;
				CLANG_WARN_CONSTANT_CONVERSION = YES;
				CLANG_WARN_DIRECT_OBJC_ISA_USAGE = YES_ERROR;
				CLANG_WARN_EMPTY_BODY = YES;
				CLANG_WARN_ENUM_CONVERSION = YES;
				CLANG_WARN_INT_CONVERSION = YES;
				CLANG_WARN_OBJC_ROOT_CLASS = YES_ERROR;
				CLANG_WARN__DUPLICATE_METHOD_MATCH = YES;
				"CODE_SIGN_IDENTITY[sdk=iphoneos*]" = "iPhone Developer";
				COPY_PHASE_STRIP = YES;
				ENABLE_NS_ASSERTIONS = NO;
				GCC_C_LANGUAGE_STANDARD = gnu99;
				GCC_WARN_64_TO_32_BIT_CONVERSION = YES;
				GCC_WARN_ABOUT_RETURN_TYPE = YES_ERROR;
				GCC_WARN_UNDECLARED_SELECTOR = YES;
				GCC_WARN_UNINITIALIZED_AUTOS = YES_AGGRESSIVE;
				GCC_WARN_UNUSED_FUNCTION = YES;
				GCC_WARN_UNUSED_VARIABLE = YES;
				IPHONEOS_DEPLOYMENT_TARGET = 7.1;
				SDKROOT = iphoneos;
				VALIDATE_PRODUCT = YES;
			};
			name = Release;
		};
		35C25F34197A184500F4EE93 /* Debug */ = {
			isa = XCBuildConfiguration;
			buildSettings = {
				ASSETCATALOG_COMPILER_APPICON_NAME = AppIcon;
				ASSETCATALOG_COMPILER_LAUNCHIMAGE_NAME = LaunchImage;
				GCC_PRECOMPILE_PREFIX_HEADER = YES;
				GCC_PREFIX_HEADER = "CardGameApp/CardGameApp-Prefix.pch";
				INFOPLIST_FILE = "CardGameApp/CardGameApp-Info.plist";
				PRODUCT_NAME = "$(TARGET_NAME)";
				WRAPPER_EXTENSION = app;
			};
			name = Debug;
		};
		35C25F35197A184500F4EE93 /* Release */ = {
			isa = XCBuildConfiguration;
			buildSettings = {
				ASSETCATALOG_COMPILER_APPICON_NAME = AppIcon;
				ASSETCATALOG_COMPILER_LAUNCHIMAGE_NAME = LaunchImage;
				GCC_PRECOMPILE_PREFIX_HEADER = YES;
				GCC_PREFIX_HEADER = "CardGameApp/CardGameApp-Prefix.pch";
				INFOPLIST_FILE = "CardGameApp/CardGameApp-Info.plist";
				PRODUCT_NAME = "$(TARGET_NAME)";
				WRAPPER_EXTENSION = app;
			};
			name = Release;
		};
		35C25F37197A184500F4EE93 /* Debug */ = {
			isa = XCBuildConfiguration;
			buildSettings = {
				BUNDLE_LOADER = "$(BUILT_PRODUCTS_DIR)/CardGameApp.app/CardGameApp";
				FRAMEWORK_SEARCH_PATHS = (
					"$(SDKROOT)/Developer/Library/Frameworks",
					"$(inherited)",
					"$(DEVELOPER_FRAMEWORKS_DIR)",
				);
				GCC_PRECOMPILE_PREFIX_HEADER = YES;
				GCC_PREFIX_HEADER = "CardGameApp/CardGameApp-Prefix.pch";
				GCC_PREPROCESSOR_DEFINITIONS = (
					"DEBUG=1",
					"$(inherited)",
				);
				INFOPLIST_FILE = "CardGameAppTests/CardGameAppTests-Info.plist";
				PRODUCT_NAME = "$(TARGET_NAME)";
				TEST_HOST = "$(BUNDLE_LOADER)";
				WRAPPER_EXTENSION = xctest;
			};
			name = Debug;
		};
		35C25F38197A184500F4EE93 /* Release */ = {
			isa = XCBuildConfiguration;
			buildSettings = {
				BUNDLE_LOADER = "$(BUILT_PRODUCTS_DIR)/CardGameApp.app/CardGameApp";
				FRAMEWORK_SEARCH_PATHS = (
					"$(SDKROOT)/Developer/Library/Frameworks",
					"$(inherited)",
					"$(DEVELOPER_FRAMEWORKS_DIR)",
				);
				GCC_PRECOMPILE_PREFIX_HEADER = YES;
				GCC_PREFIX_HEADER = "CardGameApp/CardGameApp-Prefix.pch";
				INFOPLIST_FILE = "CardGameAppTests/CardGameAppTests-Info.plist";
				PRODUCT_NAME = "$(TARGET_NAME)";
				TEST_HOST = "$(BUNDLE_LOADER)";
				WRAPPER_EXTENSION = xctest;
			};
			name = Release;
		};
/* End XCBuildConfiguration section */

/* Begin XCConfigurationList section */
		35C25EFC197A184500F4EE93 /* Build configuration list for PBXProject "CardGameApp" */ = {
			isa = XCConfigurationList;
			buildConfigurations = (
				35C25F31197A184500F4EE93 /* Debug */,
				35C25F32197A184500F4EE93 /* Release */,
			);
			defaultConfigurationIsVisible = 0;
			defaultConfigurationName = Release;
		};
		35C25F33197A184500F4EE93 /* Build configuration list for PBXNativeTarget "CardGameApp" */ = {
			isa = XCConfigurationList;
			buildConfigurations = (
				35C25F34197A184500F4EE93 /* Debug */,
				35C25F35197A184500F4EE93 /* Release */,
			);
			defaultConfigurationIsVisible = 0;
		};
		35C25F36197A184500F4EE93 /* Build configuration list for PBXNativeTarget "CardGameAppTests" */ = {
			isa = XCConfigurationList;
			buildConfigurations = (
				35C25F37197A184500F4EE93 /* Debug */,
				35C25F38197A184500F4EE93 /* Release */,
			);
			defaultConfigurationIsVisible = 0;
		};
/* End XCConfigurationList section */
	};
	rootObject = 35C25EF9197A184500F4EE93 /* Project object */;
}
